
Microsoft Visual Studio Solution File, Format Version 12.00
# Visual Studio Version 17
VisualStudioVersion = 17.2.32630.192
MinimumVisualStudioVersion = 10.0.40219.1
Project("{FAE04EC0-301F-11D3-BF4B-00C04F79EFBC}") = "SqlCodewars", "SqlCodewars\SqlCodewars.csproj", "{7EDCFCBF-62FE-4753-96EE-851E9851BD43}"
EndProject
Global
	GlobalSection(SolutionConfigurationPlatforms) = preSolution
		Debug|Any CPU = Debug|Any CPU
		Release|Any CPU = Release|Any CPU
	EndGlobalSection
	GlobalSection(ProjectConfigurationPlatforms) = postSolution
		{7EDCFCBF-62FE-4753-96EE-851E9851BD43}.Debug|Any CPU.ActiveCfg = Debug|Any CPU
		{7EDCFCBF-62FE-4753-96EE-851E9851BD43}.Debug|Any CPU.Build.0 = Debug|Any CPU
		{7EDCFCBF-62FE-4753-96EE-851E9851BD43}.Release|Any CPU.ActiveCfg = Release|Any CPU
		{7EDCFCBF-62FE-4753-96EE-851E9851BD43}.Release|Any CPU.Build.0 = Release|Any CPU
	EndGlobalSection
	GlobalSection(SolutionProperties) = preSolution
		HideSolutionNode = FALSE
	EndGlobalSection
	GlobalSection(ExtensibilityGlobals) = postSolution
		SolutionGuid = {AC79893E-EB11-465C-BEF1-9BE82D7048DE}
	EndGlobalSection
EndGlobal
